
Microsoft Visual Studio Solution File, Format Version 12.00
# Visual Studio Version 17
VisualStudioVersion = 17.14.36518.9 d17.14
MinimumVisualStudioVersion = 10.0.40219.1
Project("{FAE04EC0-301F-11D3-BF4B-00C04F79EFBC}") = "git", "git.csproj", "{2DC3CA48-131B-4F67-A298-2431A44A41D7}"
EndProject
Global
	GlobalSection(SolutionConfigurationPlatforms) = preSolution
		Debug|Any CPU = Debug|Any CPU
		Release|Any CPU = Release|Any CPU
	EndGlobalSection
	GlobalSection(ProjectConfigurationPlatforms) = postSolution
		{2DC3CA48-131B-4F67-A298-2431A44A41D7}.Debug|Any CPU.ActiveCfg = Debug|Any CPU
		{2DC3CA48-131B-4F67-A298-2431A44A41D7}.Debug|Any CPU.Build.0 = Debug|Any CPU
		{2DC3CA48-131B-4F67-A298-2431A44A41D7}.Release|Any CPU.ActiveCfg = Release|Any CPU
		{2DC3CA48-131B-4F67-A298-2431A44A41D7}.Release|Any CPU.Build.0 = Release|Any CPU
	EndGlobalSection
	GlobalSection(SolutionProperties) = preSolution
		HideSolutionNode = FALSE
	EndGlobalSection
	GlobalSection(ExtensibilityGlobals) = postSolution
		SolutionGuid = {47CCC007-07F6-485C-B841-568E20EAC7CA}
	EndGlobalSection
EndGlobal
